// !$*UTF8*$!
{
	archiveVersion = 1;
	classes = {
	};
	objectVersion = 77;
	objects = {

/* Begin PBXBuildFile section */
		F0B6EC672F10755600D19E93 /* supported_languages.json in Resources */ = {isa = PBXBuildFile; fileRef = F0B6EC612F10755600D19E93 /* supported_languages.json */; };
		F0B6EC682F10755600D19E93 /* Info.plist in Resources */ = {isa = PBXBuildFile; fileRef = F0B6EC412F10755600D19E93 /* Info.plist */; };
		F0B6EC692F10755600D19E93 /* convert_opus_to_coreml.py in Resources */ = {isa = PBXBuildFile; fileRef = F0B6EC5C2F10755600D19E93 /* convert_opus_to_coreml.py */; };
		F0B6EC6A2F10755600D19E93 /* .gitkeep in Resources */ = {isa = PBXBuildFile; fileRef = F0B6EC632F10755600D19E93 /* .gitkeep */; };
		F0B6EC6B2F10755600D19E93 /* setup_xcode.sh in Resources */ = {isa = PBXBuildFile; fileRef = F0B6EC662F10755600D19E93 /* setup_xcode.sh */; };
		F0B6EC6C2F10755600D19E93 /* Info.plist in Resources */ = {isa = PBXBuildFile; fileRef = F0B6EC4A2F10755600D19E93 /* Info.plist */; };
		F0B6EC6D2F10755600D19E93 /* ARCHITECTURE.md in Resources */ = {isa = PBXBuildFile; fileRef = F0B6EC3E2F10755600D19E93 /* ARCHITECTURE.md */; };
		F0B6EC6E2F10755600D19E93 /* convert_gemma_to_coreml.py in Resources */ = {isa = PBXBuildFile; fileRef = F0B6EC5B2F10755600D19E93 /* convert_gemma_to_coreml.py */; };
		F0B6EC6F2F10755600D19E93 /* test_conversion.py in Resources */ = {isa = PBXBuildFile; fileRef = F0B6EC5E2F10755600D19E93 /* test_conversion.py */; };
		F0B6EC702F10755600D19E93 /* Info.plist in Resources */ = {isa = PBXBuildFile; fileRef = F0B6EC432F10755600D19E93 /* Info.plist */; };
		F0B6EC712F10755600D19E93 /* GETTING_STARTED.md in Resources */ = {isa = PBXBuildFile; fileRef = F0B6EC3F2F10755600D19E93 /* GETTING_STARTED.md */; };
		F0B6EC722F10755600D19E93 /* README.md in Resources */ = {isa = PBXBuildFile; fileRef = F0B6EC602F10755600D19E93 /* README.md */; };
		F0B6EC732F10755600D19E93 /* requirements.txt in Resources */ = {isa = PBXBuildFile; fileRef = F0B6EC5D2F10755600D19E93 /* requirements.txt */; };
		F0B6EC742F10755600D19E93 /* ShareViewController.swift in Sources */ = {isa = PBXBuildFile; fileRef = F0B6EC442F10755600D19E93 /* ShareViewController.swift */; };
		F0B6EC752F10755600D19E93 /* CameraViewModel.swift in Sources */ = {isa = PBXBuildFile; fileRef = F0B6EC502F10755600D19E93 /* CameraViewModel.swift */; };
		F0B6EC762F10755600D19E93 /* TranslateLocalApp.swift in Sources */ = {isa = PBXBuildFile; fileRef = F0B6EC462F10755600D19E93 /* TranslateLocalApp.swift */; };
		F0B6EC772F10755600D19E93 /* HistoryView.swift in Sources */ = {isa = PBXBuildFile; fileRef = F0B6EC552F10755600D19E93 /* HistoryView.swift */; };
		F0B6EC782F10755600D19E93 /* ImageTranslateView.swift in Sources */ = {isa = PBXBuildFile; fileRef = F0B6EC562F10755600D19E93 /* ImageTranslateView.swift */; };
		F0B6EC792F10755600D19E93 /* TranslationViewModel.swift in Sources */ = {isa = PBXBuildFile; fileRef = F0B6EC512F10755600D19E93 /* TranslationViewModel.swift */; };
		F0B6EC7A2F10755600D19E93 /* CameraTranslateView.swift in Sources */ = {isa = PBXBuildFile; fileRef = F0B6EC532F10755600D19E93 /* CameraTranslateView.swift */; };
		F0B6EC7B2F10755600D19E93 /* SettingsView.swift in Sources */ = {isa = PBXBuildFile; fileRef = F0B6EC572F10755600D19E93 /* SettingsView.swift */; };
		F0B6EC7C2F10755600D19E93 /* ContentView.swift in Sources */ = {isa = PBXBuildFile; fileRef = F0B6EC542F10755600D19E93 /* ContentView.swift */; };
		F0B6EC7D2F10755600D19E93 /* ModelManager.swift in Sources */ = {isa = PBXBuildFile; fileRef = F0B6EC4C2F10755600D19E93 /* ModelManager.swift */; };
		F0B6EC7E2F10755600D19E93 /* ActionViewController.swift in Sources */ = {isa = PBXBuildFile; fileRef = F0B6EC402F10755600D19E93 /* ActionViewController.swift */; };
		F0B6EC7F2F10755600D19E93 /* OCRService.swift in Sources */ = {isa = PBXBuildFile; fileRef = F0B6EC4D2F10755600D19E93 /* OCRService.swift */; };
		F0B6EC802F10755600D19E93 /* TranslationService.swift in Sources */ = {isa = PBXBuildFile; fileRef = F0B6EC4E2F10755600D19E93 /* TranslationService.swift */; };
		F0B6EC812F10755600D19E93 /* TranslationResult.swift in Sources */ = {isa = PBXBuildFile; fileRef = F0B6EC482F10755600D19E93 /* TranslationResult.swift */; };
/* End PBXBuildFile section */

/* Begin PBXFileReference section */
		F0B6EC302F10751900D19E93 /* TranslateLocal.app */ = {isa = PBXFileReference; explicitFileType = wrapper.application; includeInIndex = 0; path = TranslateLocal.app; sourceTree = BUILT_PRODUCTS_DIR; };
		F0B6EC3E2F10755600D19E93 /* ARCHITECTURE.md */ = {isa = PBXFileReference; lastKnownFileType = net.daringfireball.markdown; path = ARCHITECTURE.md; sourceTree = "<group>"; };
		F0B6EC3F2F10755600D19E93 /* GETTING_STARTED.md */ = {isa = PBXFileReference; lastKnownFileType = net.daringfireball.markdown; path = GETTING_STARTED.md; sourceTree = "<group>"; };
		F0B6EC402F10755600D19E93 /* ActionViewController.swift */ = {isa = PBXFileReference; lastKnownFileType = sourcecode.swift; path = ActionViewController.swift; sourceTree = "<group>"; };
		F0B6EC412F10755600D19E93 /* Info.plist */ = {isa = PBXFileReference; lastKnownFileType = text.plist.xml; path = Info.plist; sourceTree = "<group>"; };
		F0B6EC432F10755600D19E93 /* Info.plist */ = {isa = PBXFileReference; lastKnownFileType = text.plist.xml; path = Info.plist; sourceTree = "<group>"; };
		F0B6EC442F10755600D19E93 /* ShareViewController.swift */ = {isa = PBXFileReference; lastKnownFileType = sourcecode.swift; path = ShareViewController.swift; sourceTree = "<group>"; };
		F0B6EC462F10755600D19E93 /* TranslateLocalApp.swift */ = {isa = PBXFileReference; lastKnownFileType = sourcecode.swift; path = TranslateLocalApp.swift; sourceTree = "<group>"; };
		F0B6EC482F10755600D19E93 /* TranslationResult.swift */ = {isa = PBXFileReference; lastKnownFileType = sourcecode.swift; path = TranslationResult.swift; sourceTree = "<group>"; };
		F0B6EC4A2F10755600D19E93 /* Info.plist */ = {isa = PBXFileReference; lastKnownFileType = text.plist.xml; path = Info.plist; sourceTree = "<group>"; };
		F0B6EC4C2F10755600D19E93 /* ModelManager.swift */ = {isa = PBXFileReference; lastKnownFileType = sourcecode.swift; path = ModelManager.swift; sourceTree = "<group>"; };
		F0B6EC4D2F10755600D19E93 /* OCRService.swift */ = {isa = PBXFileReference; lastKnownFileType = sourcecode.swift; path = OCRService.swift; sourceTree = "<group>"; };
		F0B6EC4E2F10755600D19E93 /* TranslationService.swift */ = {isa = PBXFileReference; lastKnownFileType = sourcecode.swift; path = TranslationService.swift; sourceTree = "<group>"; };
		F0B6EC502F10755600D19E93 /* CameraViewModel.swift */ = {isa = PBXFileReference; lastKnownFileType = sourcecode.swift; path = CameraViewModel.swift; sourceTree = "<group>"; };
		F0B6EC512F10755600D19E93 /* TranslationViewModel.swift */ = {isa = PBXFileReference; lastKnownFileType = sourcecode.swift; path = TranslationViewModel.swift; sourceTree = "<group>"; };
		F0B6EC532F10755600D19E93 /* CameraTranslateView.swift */ = {isa = PBXFileReference; lastKnownFileType = sourcecode.swift; path = CameraTranslateView.swift; sourceTree = "<group>"; };
		F0B6EC542F10755600D19E93 /* ContentView.swift */ = {isa = PBXFileReference; lastKnownFileType = sourcecode.swift; path = ContentView.swift; sourceTree = "<group>"; };
		F0B6EC552F10755600D19E93 /* HistoryView.swift */ = {isa = PBXFileReference; lastKnownFileType = sourcecode.swift; path = HistoryView.swift; sourceTree = "<group>"; };
		F0B6EC562F10755600D19E93 /* ImageTranslateView.swift */ = {isa = PBXFileReference; lastKnownFileType = sourcecode.swift; path = ImageTranslateView.swift; sourceTree = "<group>"; };
		F0B6EC572F10755600D19E93 /* SettingsView.swift */ = {isa = PBXFileReference; lastKnownFileType = sourcecode.swift; path = SettingsView.swift; sourceTree = "<group>"; };
		F0B6EC5B2F10755600D19E93 /* convert_gemma_to_coreml.py */ = {isa = PBXFileReference; lastKnownFileType = text.script.python; path = convert_gemma_to_coreml.py; sourceTree = "<group>"; };
		F0B6EC5C2F10755600D19E93 /* convert_opus_to_coreml.py */ = {isa = PBXFileReference; lastKnownFileType = text.script.python; path = convert_opus_to_coreml.py; sourceTree = "<group>"; };
		F0B6EC5D2F10755600D19E93 /* requirements.txt */ = {isa = PBXFileReference; lastKnownFileType = text; path = requirements.txt; sourceTree = "<group>"; };
		F0B6EC5E2F10755600D19E93 /* test_conversion.py */ = {isa = PBXFileReference; lastKnownFileType = text.script.python; path = test_conversion.py; sourceTree = "<group>"; };
		F0B6EC602F10755600D19E93 /* README.md */ = {isa = PBXFileReference; lastKnownFileType = net.daringfireball.markdown; path = README.md; sourceTree = "<group>"; };
		F0B6EC612F10755600D19E93 /* supported_languages.json */ = {isa = PBXFileReference; lastKnownFileType = text.json; path = supported_languages.json; sourceTree = "<group>"; };
		F0B6EC632F10755600D19E93 /* .gitkeep */ = {isa = PBXFileReference; lastKnownFileType = text; path = .gitkeep; sourceTree = "<group>"; };
		F0B6EC662F10755600D19E93 /* setup_xcode.sh */ = {isa = PBXFileReference; lastKnownFileType = text.script.sh; path = setup_xcode.sh; sourceTree = "<group>"; };
/* End PBXFileReference section */

/* Begin PBXFileSystemSynchronizedRootGroup section */
		F0B6EC322F10751900D19E93 /* TranslateLocal */ = {
			isa = PBXFileSystemSynchronizedRootGroup;
			path = TranslateLocal;
			sourceTree = "<group>";
		};
/* End PBXFileSystemSynchronizedRootGroup section */

/* Begin PBXFrameworksBuildPhase section */
		F0B6EC2D2F10751900D19E93 /* Frameworks */ = {
			isa = PBXFrameworksBuildPhase;
			buildActionMask = 2147483647;
			files = (
			);
			runOnlyForDeploymentPostprocessing = 0;
		};
/* End PBXFrameworksBuildPhase section */

/* Begin PBXGroup section */
		F0B6EC272F10751900D19E93 = {
			isa = PBXGroup;
			children = (
				F0B6EC322F10751900D19E93 /* TranslateLocal */,
				F0B6EC312F10751900D19E93 /* Products */,
				F0B6EC3E2F10755600D19E93 /* ARCHITECTURE.md */,
				F0B6EC3F2F10755600D19E93 /* GETTING_STARTED.md */,
				F0B6EC5A2F10755600D19E93 /* iOS */,
				F0B6EC5F2F10755600D19E93 /* MLModels */,
				F0B6EC602F10755600D19E93 /* README.md */,
				F0B6EC652F10755600D19E93 /* Resources */,
				F0B6EC662F10755600D19E93 /* setup_xcode.sh */,
			);
			sourceTree = "<group>";
		};
		F0B6EC312F10751900D19E93 /* Products */ = {
			isa = PBXGroup;
			children = (
				F0B6EC302F10751900D19E93 /* TranslateLocal.app */,
			);
			name = Products;
			sourceTree = "<group>";
		};
		F0B6EC422F10755600D19E93 /* ActionExtension */ = {
			isa = PBXGroup;
			children = (
				F0B6EC402F10755600D19E93 /* ActionViewController.swift */,
				F0B6EC412F10755600D19E93 /* Info.plist */,
			);
			path = ActionExtension;
			sourceTree = "<group>";
		};
		F0B6EC452F10755600D19E93 /* ShareExtension */ = {
			isa = PBXGroup;
			children = (
				F0B6EC432F10755600D19E93 /* Info.plist */,
				F0B6EC442F10755600D19E93 /* ShareViewController.swift */,
			);
			path = ShareExtension;
			sourceTree = "<group>";
		};
		F0B6EC472F10755600D19E93 /* App */ = {
			isa = PBXGroup;
			children = (
				F0B6EC462F10755600D19E93 /* TranslateLocalApp.swift */,
			);
			path = App;
			sourceTree = "<group>";
		};
		F0B6EC492F10755600D19E93 /* Models */ = {
			isa = PBXGroup;
			children = (
				F0B6EC482F10755600D19E93 /* TranslationResult.swift */,
			);
			path = Models;
			sourceTree = "<group>";
		};
		F0B6EC4B2F10755600D19E93 /* Resources */ = {
			isa = PBXGroup;
			children = (
				F0B6EC4A2F10755600D19E93 /* Info.plist */,
			);
			path = Resources;
			sourceTree = "<group>";
		};
		F0B6EC4F2F10755600D19E93 /* Services */ = {
			isa = PBXGroup;
			children = (
				F0B6EC4C2F10755600D19E93 /* ModelManager.swift */,
				F0B6EC4D2F10755600D19E93 /* OCRService.swift */,
				F0B6EC4E2F10755600D19E93 /* TranslationService.swift */,
			);
			path = Services;
			sourceTree = "<group>";
		};
		F0B6EC522F10755600D19E93 /* ViewModels */ = {
			isa = PBXGroup;
			children = (
				F0B6EC502F10755600D19E93 /* CameraViewModel.swift */,
				F0B6EC512F10755600D19E93 /* TranslationViewModel.swift */,
			);
			path = ViewModels;
			sourceTree = "<group>";
		};
		F0B6EC582F10755600D19E93 /* Views */ = {
			isa = PBXGroup;
			children = (
				F0B6EC532F10755600D19E93 /* CameraTranslateView.swift */,
				F0B6EC542F10755600D19E93 /* ContentView.swift */,
				F0B6EC552F10755600D19E93 /* HistoryView.swift */,
				F0B6EC562F10755600D19E93 /* ImageTranslateView.swift */,
				F0B6EC572F10755600D19E93 /* SettingsView.swift */,
			);
			path = Views;
			sourceTree = "<group>";
		};
		F0B6EC592F10755600D19E93 /* TranslateLocal */ = {
			isa = PBXGroup;
			children = (
				F0B6EC472F10755600D19E93 /* App */,
				F0B6EC492F10755600D19E93 /* Models */,
				F0B6EC4B2F10755600D19E93 /* Resources */,
				F0B6EC4F2F10755600D19E93 /* Services */,
				F0B6EC522F10755600D19E93 /* ViewModels */,
				F0B6EC582F10755600D19E93 /* Views */,
			);
			path = TranslateLocal;
			sourceTree = "<group>";
		};
		F0B6EC5A2F10755600D19E93 /* iOS */ = {
			isa = PBXGroup;
			children = (
				F0B6EC422F10755600D19E93 /* ActionExtension */,
				F0B6EC452F10755600D19E93 /* ShareExtension */,
				F0B6EC592F10755600D19E93 /* TranslateLocal */,
			);
			path = iOS;
			sourceTree = "<group>";
		};
		F0B6EC5F2F10755600D19E93 /* MLModels */ = {
			isa = PBXGroup;
			children = (
				F0B6EC5B2F10755600D19E93 /* convert_gemma_to_coreml.py */,
				F0B6EC5C2F10755600D19E93 /* convert_opus_to_coreml.py */,
				F0B6EC5D2F10755600D19E93 /* requirements.txt */,
				F0B6EC5E2F10755600D19E93 /* test_conversion.py */,
			);
			path = MLModels;
			sourceTree = "<group>";
		};
		F0B6EC622F10755600D19E93 /* Languages */ = {
			isa = PBXGroup;
			children = (
				F0B6EC612F10755600D19E93 /* supported_languages.json */,
			);
			path = Languages;
			sourceTree = "<group>";
		};
		F0B6EC642F10755600D19E93 /* Models */ = {
			isa = PBXGroup;
			children = (
				F0B6EC632F10755600D19E93 /* .gitkeep */,
			);
			path = Models;
			sourceTree = "<group>";
		};
		F0B6EC652F10755600D19E93 /* Resources */ = {
			isa = PBXGroup;
			children = (
				F0B6EC622F10755600D19E93 /* Languages */,
				F0B6EC642F10755600D19E93 /* Models */,
			);
			path = Resources;
			sourceTree = "<group>";
		};
/* End PBXGroup section */

/* Begin PBXNativeTarget section */
		F0B6EC2F2F10751900D19E93 /* TranslateLocal */ = {
			isa = PBXNativeTarget;
			buildConfigurationList = F0B6EC3B2F10751B00D19E93 /* Build configuration list for PBXNativeTarget "TranslateLocal" */;
			buildPhases = (
				F0B6EC2C2F10751900D19E93 /* Sources */,
				F0B6EC2D2F10751900D19E93 /* Frameworks */,
				F0B6EC2E2F10751900D19E93 /* Resources */,
			);
			buildRules = (
			);
			dependencies = (
			);
			fileSystemSynchronizedGroups = (
				F0B6EC322F10751900D19E93 /* TranslateLocal */,
			);
			name = TranslateLocal;
			packageProductDependencies = (
			);
			productName = TranslateLocal;
			productReference = F0B6EC302F10751900D19E93 /* TranslateLocal.app */;
			productType = "com.apple.product-type.application";
		};
/* End PBXNativeTarget section */

/* Begin PBXProject section */
		F0B6EC282F10751900D19E93 /* Project object */ = {
			isa = PBXProject;
			attributes = {
				BuildIndependentTargetsInParallel = 1;
				LastSwiftUpdateCheck = 2620;
				LastUpgradeCheck = 2620;
				TargetAttributes = {
					F0B6EC2F2F10751900D19E93 = {
						CreatedOnToolsVersion = 26.2;
					};
				};
			};
			buildConfigurationList = F0B6EC2B2F10751900D19E93 /* Build configuration list for PBXProject "TranslateLocal" */;
			developmentRegion = en;
			hasScannedForEncodings = 0;
			knownRegions = (
				en,
				Base,
			);
			mainGroup = F0B6EC272F10751900D19E93;
			minimizedProjectReferenceProxies = 1;
			preferredProjectObjectVersion = 77;
			productRefGroup = F0B6EC312F10751900D19E93 /* Products */;
			projectDirPath = "";
			projectRoot = "";
			targets = (
				F0B6EC2F2F10751900D19E93 /* TranslateLocal */,
			);
		};
/* End PBXProject section */

/* Begin PBXResourcesBuildPhase section */
		F0B6EC2E2F10751900D19E93 /* Resources */ = {
			isa = PBXResourcesBuildPhase;
			buildActionMask = 2147483647;
			files = (
				F0B6EC672F10755600D19E93 /* supported_languages.json in Resources */,
				F0B6EC682F10755600D19E93 /* Info.plist in Resources */,
				F0B6EC692F10755600D19E93 /* convert_opus_to_coreml.py in Resources */,
				F0B6EC6A2F10755600D19E93 /* .gitkeep in Resources */,
				F0B6EC6B2F10755600D19E93 /* setup_xcode.sh in Resources */,
				F0B6EC6C2F10755600D19E93 /* Info.plist in Resources */,
				F0B6EC6D2F10755600D19E93 /* ARCHITECTURE.md in Resources */,
				F0B6EC6E2F10755600D19E93 /* convert_gemma_to_coreml.py in Resources */,
				F0B6EC6F2F10755600D19E93 /* test_conversion.py in Resources */,
				F0B6EC702F10755600D19E93 /* Info.plist in Resources */,
				F0B6EC712F10755600D19E93 /* GETTING_STARTED.md in Resources */,
				F0B6EC722F10755600D19E93 /* README.md in Resources */,
				F0B6EC732F10755600D19E93 /* requirements.txt in Resources */,
			);
			runOnlyForDeploymentPostprocessing = 0;
		};
/* End PBXResourcesBuildPhase section */

/* Begin PBXSourcesBuildPhase section */
		F0B6EC2C2F10751900D19E93 /* Sources */ = {
			isa = PBXSourcesBuildPhase;
			buildActionMask = 2147483647;
			files = (
				F0B6EC742F10755600D19E93 /* ShareViewController.swift in Sources */,
				F0B6EC752F10755600D19E93 /* CameraViewModel.swift in Sources */,
				F0B6EC762F10755600D19E93 /* TranslateLocalApp.swift in Sources */,
				F0B6EC772F10755600D19E93 /* HistoryView.swift in Sources */,
				F0B6EC782F10755600D19E93 /* ImageTranslateView.swift in Sources */,
				F0B6EC792F10755600D19E93 /* TranslationViewModel.swift in Sources */,
				F0B6EC7A2F10755600D19E93 /* CameraTranslateView.swift in Sources */,
				F0B6EC7B2F10755600D19E93 /* SettingsView.swift in Sources */,
				F0B6EC7C2F10755600D19E93 /* ContentView.swift in Sources */,
				F0B6EC7D2F10755600D19E93 /* ModelManager.swift in Sources */,
				F0B6EC7E2F10755600D19E93 /* ActionViewController.swift in Sources */,
				F0B6EC7F2F10755600D19E93 /* OCRService.swift in Sources */,
				F0B6EC802F10755600D19E93 /* TranslationService.swift in Sources */,
				F0B6EC812F10755600D19E93 /* TranslationResult.swift in Sources */,
			);
			runOnlyForDeploymentPostprocessing = 0;
		};
/* End PBXSourcesBuildPhase section */

/* Begin PBXFileReference section - Entitlements */
		F0B6EC822F10755600D19E93 /* TranslateLocal.entitlements */ = {isa = PBXFileReference; lastKnownFileType = text.plist.entitlements; path = TranslateLocal.entitlements; sourceTree = "<group>"; };
/* End PBXFileReference section - Entitlements */

/* Begin XCBuildConfiguration section */
		F0B6EC392F10751B00D19E93 /* Debug */ = {
			isa = XCBuildConfiguration;
			buildSettings = {
				ALWAYS_SEARCH_USER_PATHS = NO;
				ASSETCATALOG_COMPILER_GENERATE_SWIFT_ASSET_SYMBOL_EXTENSIONS = YES;
				CLANG_ANALYZER_NONNULL = YES;
				CLANG_ANALYZER_NUMBER_OBJECT_CONVERSION = YES_AGGRESSIVE;
				CLANG_CXX_LANGUAGE_STANDARD = "gnu++20";
				CLANG_ENABLE_MODULES = YES;
				CLANG_ENABLE_OBJC_ARC = YES;
				CLANG_ENABLE_OBJC_WEAK = YES;
				CLANG_WARN_BLOCK_CAPTURE_AUTORELEASING = YES;
				CLANG_WARN_BOOL_CONVERSION = YES;
				CLANG_WARN_COMMA = YES;
				CLANG_WARN_CONSTANT_CONVERSION = YES;
				CLANG_WARN_DEPRECATED_OBJC_IMPLEMENTATIONS = YES;
				CLANG_WARN_DIRECT_OBJC_ISA_USAGE = YES_ERROR;
				CLANG_WARN_DOCUMENTATION_COMMENTS = YES;
				CLANG_WARN_EMPTY_BODY = YES;
				CLANG_WARN_ENUM_CONVERSION = YES;
				CLANG_WARN_INFINITE_RECURSION = YES;
				CLANG_WARN_INT_CONVERSION = YES;
				CLANG_WARN_NON_LITERAL_NULL_CONVERSION = YES;
				CLANG_WARN_OBJC_IMPLICIT_RETAIN_SELF = YES;
				CLANG_WARN_OBJC_LITERAL_CONVERSION = YES;
				CLANG_WARN_OBJC_ROOT_CLASS = YES_ERROR;
				CLANG_WARN_QUOTED_INCLUDE_IN_FRAMEWORK_HEADER = YES;
				CLANG_WARN_RANGE_LOOP_ANALYSIS = YES;
				CLANG_WARN_STRICT_PROTOTYPES = YES;
				CLANG_WARN_SUSPICIOUS_MOVE = YES;
				CLANG_WARN_UNGUARDED_AVAILABILITY = YES_AGGRESSIVE;
				CLANG_WARN_UNREACHABLE_CODE = YES;
				CLANG_WARN__DUPLICATE_METHOD_MATCH = YES;
				COPY_PHASE_STRIP = NO;
				DEBUG_INFORMATION_FORMAT = dwarf;
				ENABLE_STRICT_OBJC_MSGSEND = YES;
				ENABLE_TESTABILITY = YES;
				ENABLE_USER_SCRIPT_SANDBOXING = YES;
				GCC_C_LANGUAGE_STANDARD = gnu17;
				GCC_DYNAMIC_NO_PIC = NO;
				GCC_NO_COMMON_BLOCKS = YES;
				GCC_OPTIMIZATION_LEVEL = 0;
				GCC_PREPROCESSOR_DEFINITIONS = (
					"DEBUG=1",
					"$(inherited)",
				);
				GCC_WARN_64_TO_32_BIT_CONVERSION = YES;
				GCC_WARN_ABOUT_RETURN_TYPE = YES_ERROR;
				GCC_WARN_UNDECLARED_SELECTOR = YES;
				GCC_WARN_UNINITIALIZED_AUTOS = YES_AGGRESSIVE;
				GCC_WARN_UNUSED_FUNCTION = YES;
				GCC_WARN_UNUSED_VARIABLE = YES;
				IPHONEOS_DEPLOYMENT_TARGET = 26.2;
				LOCALIZATION_PREFERS_STRING_CATALOGS = YES;
				MTL_ENABLE_DEBUG_INFO = INCLUDE_SOURCE;
				MTL_FAST_MATH = YES;
				ONLY_ACTIVE_ARCH = YES;
				SDKROOT = iphoneos;
				SWIFT_ACTIVE_COMPILATION_CONDITIONS = "DEBUG $(inherited)";
				SWIFT_OPTIMIZATION_LEVEL = "-Onone";
			};
			name = Debug;
		};
		F0B6EC3A2F10751B00D19E93 /* Release */ = {
			isa = XCBuildConfiguration;
			buildSettings = {
				ALWAYS_SEARCH_USER_PATHS = NO;
				ASSETCATALOG_COMPILER_GENERATE_SWIFT_ASSET_SYMBOL_EXTENSIONS = YES;
				CLANG_ANALYZER_NONNULL = YES;
				CLANG_ANALYZER_NUMBER_OBJECT_CONVERSION = YES_AGGRESSIVE;
				CLANG_CXX_LANGUAGE_STANDARD = "gnu++20";
				CLANG_ENABLE_MODULES = YES;
				CLANG_ENABLE_OBJC_ARC = YES;
				CLANG_ENABLE_OBJC_WEAK = YES;
				CLANG_WARN_BLOCK_CAPTURE_AUTORELEASING = YES;
				CLANG_WARN_BOOL_CONVERSION = YES;
				CLANG_WARN_COMMA = YES;
				CLANG_WARN_CONSTANT_CONVERSION = YES;
				CLANG_WARN_DEPRECATED_OBJC_IMPLEMENTATIONS = YES;
				CLANG_WARN_DIRECT_OBJC_ISA_USAGE = YES_ERROR;
				CLANG_WARN_DOCUMENTATION_COMMENTS = YES;
				CLANG_WARN_EMPTY_BODY = YES;
				CLANG_WARN_ENUM_CONVERSION = YES;
				CLANG_WARN_INFINITE_RECURSION = YES;
				CLANG_WARN_INT_CONVERSION = YES;
				CLANG_WARN_NON_LITERAL_NULL_CONVERSION = YES;
				CLANG_WARN_OBJC_IMPLICIT_RETAIN_SELF = YES;
				CLANG_WARN_OBJC_LITERAL_CONVERSION = YES;
				CLANG_WARN_OBJC_ROOT_CLASS = YES_ERROR;
				CLANG_WARN_QUOTED_INCLUDE_IN_FRAMEWORK_HEADER = YES;
				CLANG_WARN_RANGE_LOOP_ANALYSIS = YES;
				CLANG_WARN_STRICT_PROTOTYPES = YES;
				CLANG_WARN_SUSPICIOUS_MOVE = YES;
				CLANG_WARN_UNGUARDED_AVAILABILITY = YES_AGGRESSIVE;
				CLANG_WARN_UNREACHABLE_CODE = YES;
				CLANG_WARN__DUPLICATE_METHOD_MATCH = YES;
				COPY_PHASE_STRIP = NO;
				DEBUG_INFORMATION_FORMAT = "dwarf-with-dsym";
				ENABLE_NS_ASSERTIONS = NO;
				ENABLE_STRICT_OBJC_MSGSEND = YES;
				ENABLE_USER_SCRIPT_SANDBOXING = YES;
				GCC_C_LANGUAGE_STANDARD = gnu17;
				GCC_NO_COMMON_BLOCKS = YES;
				GCC_WARN_64_TO_32_BIT_CONVERSION = YES;
				GCC_WARN_ABOUT_RETURN_TYPE = YES_ERROR;
				GCC_WARN_UNDECLARED_SELECTOR = YES;
				GCC_WARN_UNINITIALIZED_AUTOS = YES_AGGRESSIVE;
				GCC_WARN_UNUSED_FUNCTION = YES;
				GCC_WARN_UNUSED_VARIABLE = YES;
				IPHONEOS_DEPLOYMENT_TARGET = 26.2;
				LOCALIZATION_PREFERS_STRING_CATALOGS = YES;
				MTL_ENABLE_DEBUG_INFO = NO;
				MTL_FAST_MATH = YES;
				SDKROOT = iphoneos;
				SWIFT_COMPILATION_MODE = wholemodule;
				VALIDATE_PRODUCT = YES;
			};
			name = Release;
		};
		F0B6EC3C2F10751B00D19E93 /* Debug */ = {
			isa = XCBuildConfiguration;
			buildSettings = {
				ASSETCATALOG_COMPILER_APPICON_NAME = AppIcon;
				ASSETCATALOG_COMPILER_GLOBAL_ACCENT_COLOR_NAME = AccentColor;
				CODE_SIGN_ENTITLEMENTS = TranslateLocal/TranslateLocal.entitlements;
				CODE_SIGN_STYLE = Automatic;
				CURRENT_PROJECT_VERSION = 1;
				ENABLE_PREVIEWS = YES;
				GENERATE_INFOPLIST_FILE = YES;
				INFOPLIST_FILE = iOS/TranslateLocal/Resources/Info.plist;
				INFOPLIST_KEY_NSCameraUsageDescription = "TranslateLocal needs camera access to recognize and translate text in real-time. All processing happens on your device.";
				INFOPLIST_KEY_NSPhotoLibraryUsageDescription = "TranslateLocal needs photo library access to translate text from your images. Selected photos are processed locally and never uploaded.";
				INFOPLIST_KEY_UIApplicationSceneManifest_Generation = YES;
				INFOPLIST_KEY_UIApplicationSupportsIndirectInputEvents = YES;
				INFOPLIST_KEY_UILaunchScreen_Generation = YES;
				INFOPLIST_KEY_UISupportedInterfaceOrientations_iPad = "UIInterfaceOrientationPortrait UIInterfaceOrientationPortraitUpsideDown UIInterfaceOrientationLandscapeLeft UIInterfaceOrientationLandscapeRight";
				INFOPLIST_KEY_UISupportedInterfaceOrientations_iPhone = "UIInterfaceOrientationPortrait UIInterfaceOrientationLandscapeLeft UIInterfaceOrientationLandscapeRight";
				LD_RUNPATH_SEARCH_PATHS = (
					"$(inherited)",
					"@executable_path/Frameworks",
				);
				MARKETING_VERSION = 1.0;
				PRODUCT_BUNDLE_IDENTIFIER = oceania1984.InIndiana.AWT.TranslateLocal;
				PRODUCT_NAME = "$(TARGET_NAME)";
				STRING_CATALOG_GENERATE_SYMBOLS = YES;
				SWIFT_APPROACHABLE_CONCURRENCY = YES;
				SWIFT_DEFAULT_ACTOR_ISOLATION = MainActor;
				SWIFT_EMIT_LOC_STRINGS = YES;
				SWIFT_UPCOMING_FEATURE_MEMBER_IMPORT_VISIBILITY = YES;
				SWIFT_VERSION = 5.0;
				TARGETED_DEVICE_FAMILY = "1,2";
			};
			name = Debug;
		};
		F0B6EC3D2F10751B00D19E93 /* Release */ = {
			isa = XCBuildConfiguration;
			buildSettings = {
				ASSETCATALOG_COMPILER_APPICON_NAME = AppIcon;
				ASSETCATALOG_COMPILER_GLOBAL_ACCENT_COLOR_NAME = AccentColor;
				CODE_SIGN_ENTITLEMENTS = TranslateLocal/TranslateLocal.entitlements;
				CODE_SIGN_STYLE = Automatic;
				CURRENT_PROJECT_VERSION = 1;
				ENABLE_PREVIEWS = YES;
				GENERATE_INFOPLIST_FILE = YES;
				INFOPLIST_FILE = iOS/TranslateLocal/Resources/Info.plist;
				INFOPLIST_KEY_NSCameraUsageDescription = "TranslateLocal needs camera access to recognize and translate text in real-time. All processing happens on your device.";
				INFOPLIST_KEY_NSPhotoLibraryUsageDescription = "TranslateLocal needs photo library access to translate text from your images. Selected photos are processed locally and never uploaded.";
				INFOPLIST_KEY_UIApplicationSceneManifest_Generation = YES;
				INFOPLIST_KEY_UIApplicationSupportsIndirectInputEvents = YES;
				INFOPLIST_KEY_UILaunchScreen_Generation = YES;
				INFOPLIST_KEY_UISupportedInterfaceOrientations_iPad = "UIInterfaceOrientationPortrait UIInterfaceOrientationPortraitUpsideDown UIInterfaceOrientationLandscapeLeft UIInterfaceOrientationLandscapeRight";
				INFOPLIST_KEY_UISupportedInterfaceOrientations_iPhone = "UIInterfaceOrientationPortrait UIInterfaceOrientationLandscapeLeft UIInterfaceOrientationLandscapeRight";
				LD_RUNPATH_SEARCH_PATHS = (
					"$(inherited)",
					"@executable_path/Frameworks",
				);
				MARKETING_VERSION = 1.0;
				PRODUCT_BUNDLE_IDENTIFIER = oceania1984.InIndiana.AWT.TranslateLocal;
				PRODUCT_NAME = "$(TARGET_NAME)";
				STRING_CATALOG_GENERATE_SYMBOLS = YES;
				SWIFT_APPROACHABLE_CONCURRENCY = YES;
				SWIFT_DEFAULT_ACTOR_ISOLATION = MainActor;
				SWIFT_EMIT_LOC_STRINGS = YES;
				SWIFT_UPCOMING_FEATURE_MEMBER_IMPORT_VISIBILITY = YES;
				SWIFT_VERSION = 5.0;
				TARGETED_DEVICE_FAMILY = "1,2";
			};
			name = Release;
		};
/* End XCBuildConfiguration section */

/* Begin XCConfigurationList section */
		F0B6EC2B2F10751900D19E93 /* Build configuration list for PBXProject "TranslateLocal" */ = {
			isa = XCConfigurationList;
			buildConfigurations = (
				F0B6EC392F10751B00D19E93 /* Debug */,
				F0B6EC3A2F10751B00D19E93 /* Release */,
			);
			defaultConfigurationIsVisible = 0;
			defaultConfigurationName = Release;
		};
		F0B6EC3B2F10751B00D19E93 /* Build configuration list for PBXNativeTarget "TranslateLocal" */ = {
			isa = XCConfigurationList;
			buildConfigurations = (
				F0B6EC3C2F10751B00D19E93 /* Debug */,
				F0B6EC3D2F10751B00D19E93 /* Release */,
			);
			defaultConfigurationIsVisible = 0;
			defaultConfigurationName = Release;
		};
/* End XCConfigurationList section */
	};
	rootObject = F0B6EC282F10751900D19E93 /* Project object */;
}
